
Microsoft Visual Studio Solution File, Format Version 12.00
# Visual Studio Version 17
VisualStudioVersion = 17.11.35208.52
MinimumVisualStudioVersion = 10.0.40219.1
Project("{9A19103F-16F7-4668-BE54-9A1E7A4F7556}") = "DevIO.Api", "GerenciadorApi\DevIO.Api.csproj", "{135586EF-45EA-4927-AF4D-4D34BDF009F3}"
	ProjectSection(ProjectDependencies) = postProject
		{AC912090-C1C2-473D-B9EB-3C04FC2D0FB2} = {AC912090-C1C2-473D-B9EB-3C04FC2D0FB2}
		{E7D319F0-5880-4242-9F62-9113D8ED471B} = {E7D319F0-5880-4242-9F62-9113D8ED471B}
	EndProjectSection
EndProject
Project("{9A19103F-16F7-4668-BE54-9A1E7A4F7556}") = "DevIO.Business", "DevIO.Business\DevIO.Business.csproj", "{AC912090-C1C2-473D-B9EB-3C04FC2D0FB2}"
EndProject
Project("{9A19103F-16F7-4668-BE54-9A1E7A4F7556}") = "DevIO.Data", "DevIO.Data\DevIO.Data.csproj", "{E7D319F0-5880-4242-9F62-9113D8ED471B}"
EndProject
Project("{FAE04EC0-301F-11D3-BF4B-00C04F79EFBC}") = "DevIO.Tests", "Transacao.Tests\DevIO.Tests.csproj", "{86A86A6E-2973-40DA-BDF4-2CB7225A2FA5}"
EndProject
Global
	GlobalSection(SolutionConfigurationPlatforms) = preSolution
		Debug|Any CPU = Debug|Any CPU
		Release|Any CPU = Release|Any CPU
	EndGlobalSection
	GlobalSection(ProjectConfigurationPlatforms) = postSolution
		{135586EF-45EA-4927-AF4D-4D34BDF009F3}.Debug|Any CPU.ActiveCfg = Debug|Any CPU
		{135586EF-45EA-4927-AF4D-4D34BDF009F3}.Debug|Any CPU.Build.0 = Debug|Any CPU
		{135586EF-45EA-4927-AF4D-4D34BDF009F3}.Release|Any CPU.ActiveCfg = Release|Any CPU
		{135586EF-45EA-4927-AF4D-4D34BDF009F3}.Release|Any CPU.Build.0 = Release|Any CPU
		{AC912090-C1C2-473D-B9EB-3C04FC2D0FB2}.Debug|Any CPU.ActiveCfg = Debug|Any CPU
		{AC912090-C1C2-473D-B9EB-3C04FC2D0FB2}.Debug|Any CPU.Build.0 = Debug|Any CPU
		{AC912090-C1C2-473D-B9EB-3C04FC2D0FB2}.Release|Any CPU.ActiveCfg = Release|Any CPU
		{AC912090-C1C2-473D-B9EB-3C04FC2D0FB2}.Release|Any CPU.Build.0 = Release|Any CPU
		{E7D319F0-5880-4242-9F62-9113D8ED471B}.Debug|Any CPU.ActiveCfg = Debug|Any CPU
		{E7D319F0-5880-4242-9F62-9113D8ED471B}.Debug|Any CPU.Build.0 = Debug|Any CPU
		{E7D319F0-5880-4242-9F62-9113D8ED471B}.Release|Any CPU.ActiveCfg = Release|Any CPU
		{E7D319F0-5880-4242-9F62-9113D8ED471B}.Release|Any CPU.Build.0 = Release|Any CPU
		{86A86A6E-2973-40DA-BDF4-2CB7225A2FA5}.Debug|Any CPU.ActiveCfg = Debug|Any CPU
		{86A86A6E-2973-40DA-BDF4-2CB7225A2FA5}.Debug|Any CPU.Build.0 = Debug|Any CPU
		{86A86A6E-2973-40DA-BDF4-2CB7225A2FA5}.Release|Any CPU.ActiveCfg = Release|Any CPU
		{86A86A6E-2973-40DA-BDF4-2CB7225A2FA5}.Release|Any CPU.Build.0 = Release|Any CPU
	EndGlobalSection
	GlobalSection(SolutionProperties) = preSolution
		HideSolutionNode = FALSE
	EndGlobalSection
	GlobalSection(ExtensibilityGlobals) = postSolution
		SolutionGuid = {B57C5D05-FC2F-4B68-8BD1-E0BF46DEAF56}
	EndGlobalSection
EndGlobal
